// !$*UTF8*$!
{
	archiveVersion = 1;
	classes = {
	};
	objectVersion = 48;
	objects = {

/* Begin PBXBuildFile section */
		847A29451FB341FE006B4865 /* Structs.swift in Sources */ = {isa = PBXBuildFile; fileRef = 847A29441FB341FE006B4865 /* Structs.swift */; };
		847A29471FB3423D006B4865 /* ModelController.swift in Sources */ = {isa = PBXBuildFile; fileRef = 847A29461FB3423D006B4865 /* ModelController.swift */; };
		847A29491FB34911006B4865 /* EditViewController.swift in Sources */ = {isa = PBXBuildFile; fileRef = 847A29481FB34911006B4865 /* EditViewController.swift */; };
		84832F5E1FB33FEE00DB826D /* AppDelegate.swift in Sources */ = {isa = PBXBuildFile; fileRef = 84832F5D1FB33FEE00DB826D /* AppDelegate.swift */; };
		84832F601FB33FEE00DB826D /* ViewController.swift in Sources */ = {isa = PBXBuildFile; fileRef = 84832F5F1FB33FEE00DB826D /* ViewController.swift */; };
		84832F631FB33FEE00DB826D /* Main.storyboard in Resources */ = {isa = PBXBuildFile; fileRef = 84832F611FB33FEE00DB826D /* Main.storyboard */; };
		84832F651FB33FEE00DB826D /* Assets.xcassets in Resources */ = {isa = PBXBuildFile; fileRef = 84832F641FB33FEE00DB826D /* Assets.xcassets */; };
		84832F681FB33FEF00DB826D /* LaunchScreen.storyboard in Resources */ = {isa = PBXBuildFile; fileRef = 84832F661FB33FEF00DB826D /* LaunchScreen.storyboard */; };
		84832F731FB33FEF00DB826D /* DITestTests.swift in Sources */ = {isa = PBXBuildFile; fileRef = 84832F721FB33FEF00DB826D /* DITestTests.swift */; };
		84832F7E1FB33FEF00DB826D /* DITestUITests.swift in Sources */ = {isa = PBXBuildFile; fileRef = 84832F7D1FB33FEF00DB826D /* DITestUITests.swift */; };
/* End PBXBuildFile section */

/* Begin PBXContainerItemProxy section */
		84832F6F1FB33FEF00DB826D /* PBXContainerItemProxy */ = {
			isa = PBXContainerItemProxy;
			containerPortal = 84832F521FB33FEE00DB826D /* Project object */;
			proxyType = 1;
			remoteGlobalIDString = 84832F591FB33FEE00DB826D;
			remoteInfo = DITest;
		};
		84832F7A1FB33FEF00DB826D /* PBXContainerItemProxy */ = {
			isa = PBXContainerItemProxy;
			containerPortal = 84832F521FB33FEE00DB826D /* Project object */;
			proxyType = 1;
			remoteGlobalIDString = 84832F591FB33FEE00DB826D;
			remoteInfo = DITest;
		};
/* End PBXContainerItemProxy section */

/* Begin PBXFileReference section */
		847A29441FB341FE006B4865 /* Structs.swift */ = {isa = PBXFileReference; lastKnownFileType = sourcecode.swift; path = Structs.swift; sourceTree = "<group>"; };
		847A29461FB3423D006B4865 /* ModelController.swift */ = {isa = PBXFileReference; lastKnownFileType = sourcecode.swift; path = ModelController.swift; sourceTree = "<group>"; };
		847A29481FB34911006B4865 /* EditViewController.swift */ = {isa = PBXFileReference; lastKnownFileType = sourcecode.swift; path = EditViewController.swift; sourceTree = "<group>"; };
		84832F5A1FB33FEE00DB826D /* DITest.app */ = {isa = PBXFileReference; explicitFileType = wrapper.application; includeInIndex = 0; path = DITest.app; sourceTree = BUILT_PRODUCTS_DIR; };
		84832F5D1FB33FEE00DB826D /* AppDelegate.swift */ = {isa = PBXFileReference; lastKnownFileType = sourcecode.swift; path = AppDelegate.swift; sourceTree = "<group>"; };
		84832F5F1FB33FEE00DB826D /* ViewController.swift */ = {isa = PBXFileReference; lastKnownFileType = sourcecode.swift; path = ViewController.swift; sourceTree = "<group>"; };
		84832F621FB33FEE00DB826D /* Base */ = {isa = PBXFileReference; lastKnownFileType = file.storyboard; name = Base; path = Base.lproj/Main.storyboard; sourceTree = "<group>"; };
		84832F641FB33FEE00DB826D /* Assets.xcassets */ = {isa = PBXFileReference; lastKnownFileType = folder.assetcatalog; path = Assets.xcassets; sourceTree = "<group>"; };
		84832F671FB33FEF00DB826D /* Base */ = {isa = PBXFileReference; lastKnownFileType = file.storyboard; name = Base; path = Base.lproj/LaunchScreen.storyboard; sourceTree = "<group>"; };
		84832F691FB33FEF00DB826D /* Info.plist */ = {isa = PBXFileReference; lastKnownFileType = text.plist.xml; path = Info.plist; sourceTree = "<group>"; };
		84832F6E1FB33FEF00DB826D /* DITestTests.xctest */ = {isa = PBXFileReference; explicitFileType = wrapper.cfbundle; includeInIndex = 0; path = DITestTests.xctest; sourceTree = BUILT_PRODUCTS_DIR; };
		84832F721FB33FEF00DB826D /* DITestTests.swift */ = {isa = PBXFileReference; lastKnownFileType = sourcecode.swift; path = DITestTests.swift; sourceTree = "<group>"; };
		84832F741FB33FEF00DB826D /* Info.plist */ = {isa = PBXFileReference; lastKnownFileType = text.plist.xml; path = Info.plist; sourceTree = "<group>"; };
		84832F791FB33FEF00DB826D /* DITestUITests.xctest */ = {isa = PBXFileReference; explicitFileType = wrapper.cfbundle; includeInIndex = 0; path = DITestUITests.xctest; sourceTree = BUILT_PRODUCTS_DIR; };
		84832F7D1FB33FEF00DB826D /* DITestUITests.swift */ = {isa = PBXFileReference; lastKnownFileType = sourcecode.swift; path = DITestUITests.swift; sourceTree = "<group>"; };
		84832F7F1FB33FEF00DB826D /* Info.plist */ = {isa = PBXFileReference; lastKnownFileType = text.plist.xml; path = Info.plist; sourceTree = "<group>"; };
/* End PBXFileReference section */

/* Begin PBXFrameworksBuildPhase section */
		84832F571FB33FEE00DB826D /* Frameworks */ = {
			isa = PBXFrameworksBuildPhase;
			buildActionMask = 2147483647;
			files = (
			);
			runOnlyForDeploymentPostprocessing = 0;
		};
		84832F6B1FB33FEF00DB826D /* Frameworks */ = {
			isa = PBXFrameworksBuildPhase;
			buildActionMask = 2147483647;
			files = (
			);
			runOnlyForDeploymentPostprocessing = 0;
		};
		84832F761FB33FEF00DB826D /* Frameworks */ = {
			isa = PBXFrameworksBuildPhase;
			buildActionMask = 2147483647;
			files = (
			);
			runOnlyForDeploymentPostprocessing = 0;
		};
/* End PBXFrameworksBuildPhase section */

/* Begin PBXGroup section */
		84832F511FB33FEE00DB826D = {
			isa = PBXGroup;
			children = (
				84832F5C1FB33FEE00DB826D /* DITest */,
				84832F711FB33FEF00DB826D /* DITestTests */,
				84832F7C1FB33FEF00DB826D /* DITestUITests */,
				84832F5B1FB33FEE00DB826D /* Products */,
			);
			sourceTree = "<group>";
		};
		84832F5B1FB33FEE00DB826D /* Products */ = {
			isa = PBXGroup;
			children = (
				84832F5A1FB33FEE00DB826D /* DITest.app */,
				84832F6E1FB33FEF00DB826D /* DITestTests.xctest */,
				84832F791FB33FEF00DB826D /* DITestUITests.xctest */,
			);
			name = Products;
			sourceTree = "<group>";
		};
		84832F5C1FB33FEE00DB826D /* DITest */ = {
			isa = PBXGroup;
			children = (
				84832F5D1FB33FEE00DB826D /* AppDelegate.swift */,
				84832F5F1FB33FEE00DB826D /* ViewController.swift */,
				84832F611FB33FEE00DB826D /* Main.storyboard */,
				84832F641FB33FEE00DB826D /* Assets.xcassets */,
				84832F661FB33FEF00DB826D /* LaunchScreen.storyboard */,
				84832F691FB33FEF00DB826D /* Info.plist */,
				847A29441FB341FE006B4865 /* Structs.swift */,
				847A29461FB3423D006B4865 /* ModelController.swift */,
				847A29481FB34911006B4865 /* EditViewController.swift */,
			);
			path = DITest;
			sourceTree = "<group>";
		};
		84832F711FB33FEF00DB826D /* DITestTests */ = {
			isa = PBXGroup;
			children = (
				84832F721FB33FEF00DB826D /* DITestTests.swift */,
				84832F741FB33FEF00DB826D /* Info.plist */,
			);
			path = DITestTests;
			sourceTree = "<group>";
		};
		84832F7C1FB33FEF00DB826D /* DITestUITests */ = {
			isa = PBXGroup;
			children = (
				84832F7D1FB33FEF00DB826D /* DITestUITests.swift */,
				84832F7F1FB33FEF00DB826D /* Info.plist */,
			);
			path = DITestUITests;
			sourceTree = "<group>";
		};
/* End PBXGroup section */

/* Begin PBXNativeTarget section */
		84832F591FB33FEE00DB826D /* DITest */ = {
			isa = PBXNativeTarget;
			buildConfigurationList = 84832F821FB33FEF00DB826D /* Build configuration list for PBXNativeTarget "DITest" */;
			buildPhases = (
				84832F561FB33FEE00DB826D /* Sources */,
				84832F571FB33FEE00DB826D /* Frameworks */,
				84832F581FB33FEE00DB826D /* Resources */,
			);
			buildRules = (
			);
			dependencies = (
			);
			name = DITest;
			productName = DITest;
			productReference = 84832F5A1FB33FEE00DB826D /* DITest.app */;
			productType = "com.apple.product-type.application";
		};
		84832F6D1FB33FEF00DB826D /* DITestTests */ = {
			isa = PBXNativeTarget;
			buildConfigurationList = 84832F851FB33FEF00DB826D /* Build configuration list for PBXNativeTarget "DITestTests" */;
			buildPhases = (
				84832F6A1FB33FEF00DB826D /* Sources */,
				84832F6B1FB33FEF00DB826D /* Frameworks */,
				84832F6C1FB33FEF00DB826D /* Resources */,
			);
			buildRules = (
			);
			dependencies = (
				84832F701FB33FEF00DB826D /* PBXTargetDependency */,
			);
			name = DITestTests;
			productName = DITestTests;
			productReference = 84832F6E1FB33FEF00DB826D /* DITestTests.xctest */;
			productType = "com.apple.product-type.bundle.unit-test";
		};
		84832F781FB33FEF00DB826D /* DITestUITests */ = {
			isa = PBXNativeTarget;
			buildConfigurationList = 84832F881FB33FEF00DB826D /* Build configuration list for PBXNativeTarget "DITestUITests" */;
			buildPhases = (
				84832F751FB33FEF00DB826D /* Sources */,
				84832F761FB33FEF00DB826D /* Frameworks */,
				84832F771FB33FEF00DB826D /* Resources */,
			);
			buildRules = (
			);
			dependencies = (
				84832F7B1FB33FEF00DB826D /* PBXTargetDependency */,
			);
			name = DITestUITests;
			productName = DITestUITests;
			productReference = 84832F791FB33FEF00DB826D /* DITestUITests.xctest */;
			productType = "com.apple.product-type.bundle.ui-testing";
		};
/* End PBXNativeTarget section */

/* Begin PBXProject section */
		84832F521FB33FEE00DB826D /* Project object */ = {
			isa = PBXProject;
			attributes = {
				LastSwiftUpdateCheck = 0910;
				LastUpgradeCheck = 0910;
				ORGANIZATIONNAME = Openfield;
				TargetAttributes = {
					84832F591FB33FEE00DB826D = {
						CreatedOnToolsVersion = 9.1;
						ProvisioningStyle = Automatic;
					};
					84832F6D1FB33FEF00DB826D = {
						CreatedOnToolsVersion = 9.1;
						ProvisioningStyle = Automatic;
						TestTargetID = 84832F591FB33FEE00DB826D;
					};
					84832F781FB33FEF00DB826D = {
						CreatedOnToolsVersion = 9.1;
						ProvisioningStyle = Automatic;
						TestTargetID = 84832F591FB33FEE00DB826D;
					};
				};
			};
			buildConfigurationList = 84832F551FB33FEE00DB826D /* Build configuration list for PBXProject "DITest" */;
			compatibilityVersion = "Xcode 8.0";
			developmentRegion = en;
			hasScannedForEncodings = 0;
			knownRegions = (
				en,
				Base,
			);
			mainGroup = 84832F511FB33FEE00DB826D;
			productRefGroup = 84832F5B1FB33FEE00DB826D /* Products */;
			projectDirPath = "";
			projectRoot = "";
			targets = (
				84832F591FB33FEE00DB826D /* DITest */,
				84832F6D1FB33FEF00DB826D /* DITestTests */,
				84832F781FB33FEF00DB826D /* DITestUITests */,
			);
		};
/* End PBXProject section */

/* Begin PBXResourcesBuildPhase section */
		84832F581FB33FEE00DB826D /* Resources */ = {
			isa = PBXResourcesBuildPhase;
			buildActionMask = 2147483647;
			files = (
				84832F681FB33FEF00DB826D /* LaunchScreen.storyboard in Resources */,
				84832F651FB33FEE00DB826D /* Assets.xcassets in Resources */,
				84832F631FB33FEE00DB826D /* Main.storyboard in Resources */,
			);
			runOnlyForDeploymentPostprocessing = 0;
		};
		84832F6C1FB33FEF00DB826D /* Resources */ = {
			isa = PBXResourcesBuildPhase;
			buildActionMask = 2147483647;
			files = (
			);
			runOnlyForDeploymentPostprocessing = 0;
		};
		84832F771FB33FEF00DB826D /* Resources */ = {
			isa = PBXResourcesBuildPhase;
			buildActionMask = 2147483647;
			files = (
			);
			runOnlyForDeploymentPostprocessing = 0;
		};
/* End PBXResourcesBuildPhase section */

/* Begin PBXSourcesBuildPhase section */
		84832F561FB33FEE00DB826D /* Sources */ = {
			isa = PBXSourcesBuildPhase;
			buildActionMask = 2147483647;
			files = (
				847A29491FB34911006B4865 /* EditViewController.swift in Sources */,
				847A29451FB341FE006B4865 /* Structs.swift in Sources */,
				847A29471FB3423D006B4865 /* ModelController.swift in Sources */,
				84832F601FB33FEE00DB826D /* ViewController.swift in Sources */,
				84832F5E1FB33FEE00DB826D /* AppDelegate.swift in Sources */,
			);
			runOnlyForDeploymentPostprocessing = 0;
		};
		84832F6A1FB33FEF00DB826D /* Sources */ = {
			isa = PBXSourcesBuildPhase;
			buildActionMask = 2147483647;
			files = (
				84832F731FB33FEF00DB826D /* DITestTests.swift in Sources */,
			);
			runOnlyForDeploymentPostprocessing = 0;
		};
		84832F751FB33FEF00DB826D /* Sources */ = {
			isa = PBXSourcesBuildPhase;
			buildActionMask = 2147483647;
			files = (
				84832F7E1FB33FEF00DB826D /* DITestUITests.swift in Sources */,
			);
			runOnlyForDeploymentPostprocessing = 0;
		};
/* End PBXSourcesBuildPhase section */

/* Begin PBXTargetDependency section */
		84832F701FB33FEF00DB826D /* PBXTargetDependency */ = {
			isa = PBXTargetDependency;
			target = 84832F591FB33FEE00DB826D /* DITest */;
			targetProxy = 84832F6F1FB33FEF00DB826D /* PBXContainerItemProxy */;
		};
		84832F7B1FB33FEF00DB826D /* PBXTargetDependency */ = {
			isa = PBXTargetDependency;
			target = 84832F591FB33FEE00DB826D /* DITest */;
			targetProxy = 84832F7A1FB33FEF00DB826D /* PBXContainerItemProxy */;
		};
/* End PBXTargetDependency section */

/* Begin PBXVariantGroup section */
		84832F611FB33FEE00DB826D /* Main.storyboard */ = {
			isa = PBXVariantGroup;
			children = (
				84832F621FB33FEE00DB826D /* Base */,
			);
			name = Main.storyboard;
			sourceTree = "<group>";
		};
		84832F661FB33FEF00DB826D /* LaunchScreen.storyboard */ = {
			isa = PBXVariantGroup;
			children = (
				84832F671FB33FEF00DB826D /* Base */,
			);
			name = LaunchScreen.storyboard;
			sourceTree = "<group>";
		};
/* End PBXVariantGroup section */

/* Begin XCBuildConfiguration section */
		84832F801FB33FEF00DB826D /* Debug */ = {
			isa = XCBuildConfiguration;
			buildSettings = {
				ALWAYS_SEARCH_USER_PATHS = NO;
				CLANG_ANALYZER_NONNULL = YES;
				CLANG_ANALYZER_NUMBER_OBJECT_CONVERSION = YES_AGGRESSIVE;
				CLANG_CXX_LANGUAGE_STANDARD = "gnu++14";
				CLANG_CXX_LIBRARY = "libc++";
				CLANG_ENABLE_MODULES = YES;
				CLANG_ENABLE_OBJC_ARC = YES;
				CLANG_WARN_BLOCK_CAPTURE_AUTORELEASING = YES;
				CLANG_WARN_BOOL_CONVERSION = YES;
				CLANG_WARN_COMMA = YES;
				CLANG_WARN_CONSTANT_CONVERSION = YES;
				CLANG_WARN_DIRECT_OBJC_ISA_USAGE = YES_ERROR;
				CLANG_WARN_DOCUMENTATION_COMMENTS = YES;
				CLANG_WARN_EMPTY_BODY = YES;
				CLANG_WARN_ENUM_CONVERSION = YES;
				CLANG_WARN_INFINITE_RECURSION = YES;
				CLANG_WARN_INT_CONVERSION = YES;
				CLANG_WARN_NON_LITERAL_NULL_CONVERSION = YES;
				CLANG_WARN_OBJC_LITERAL_CONVERSION = YES;
				CLANG_WARN_OBJC_ROOT_CLASS = YES_ERROR;
				CLANG_WARN_RANGE_LOOP_ANALYSIS = YES;
				CLANG_WARN_STRICT_PROTOTYPES = YES;
				CLANG_WARN_SUSPICIOUS_MOVE = YES;
				CLANG_WARN_UNGUARDED_AVAILABILITY = YES_AGGRESSIVE;
				CLANG_WARN_UNREACHABLE_CODE = YES;
				CLANG_WARN__DUPLICATE_METHOD_MATCH = YES;
				CODE_SIGN_IDENTITY = "iPhone Developer";
				COPY_PHASE_STRIP = NO;
				DEBUG_INFORMATION_FORMAT = dwarf;
				ENABLE_STRICT_OBJC_MSGSEND = YES;
				ENABLE_TESTABILITY = YES;
				GCC_C_LANGUAGE_STANDARD = gnu11;
				GCC_DYNAMIC_NO_PIC = NO;
				GCC_NO_COMMON_BLOCKS = YES;
				GCC_OPTIMIZATION_LEVEL = 0;
				GCC_PREPROCESSOR_DEFINITIONS = (
					"DEBUG=1",
					"$(inherited)",
				);
				GCC_WARN_64_TO_32_BIT_CONVERSION = YES;
				GCC_WARN_ABOUT_RETURN_TYPE = YES_ERROR;
				GCC_WARN_UNDECLARED_SELECTOR = YES;
				GCC_WARN_UNINITIALIZED_AUTOS = YES_AGGRESSIVE;
				GCC_WARN_UNUSED_FUNCTION = YES;
				GCC_WARN_UNUSED_VARIABLE = YES;
				IPHONEOS_DEPLOYMENT_TARGET = 11.1;
				MTL_ENABLE_DEBUG_INFO = YES;
				ONLY_ACTIVE_ARCH = YES;
				SDKROOT = iphoneos;
				SWIFT_ACTIVE_COMPILATION_CONDITIONS = DEBUG;
				SWIFT_OPTIMIZATION_LEVEL = "-Onone";
			};
			name = Debug;
		};
		84832F811FB33FEF00DB826D /* Release */ = {
			isa = XCBuildConfiguration;
			buildSettings = {
				ALWAYS_SEARCH_USER_PATHS = NO;
				CLANG_ANALYZER_NONNULL = YES;
				CLANG_ANALYZER_NUMBER_OBJECT_CONVERSION = YES_AGGRESSIVE;
				CLANG_CXX_LANGUAGE_STANDARD = "gnu++14";
				CLANG_CXX_LIBRARY = "libc++";
				CLANG_ENABLE_MODULES = YES;
				CLANG_ENABLE_OBJC_ARC = YES;
				CLANG_WARN_BLOCK_CAPTURE_AUTORELEASING = YES;
				CLANG_WARN_BOOL_CONVERSION = YES;
				CLANG_WARN_COMMA = YES;
				CLANG_WARN_CONSTANT_CONVERSION = YES;
				CLANG_WARN_DIRECT_OBJC_ISA_USAGE = YES_ERROR;
				CLANG_WARN_DOCUMENTATION_COMMENTS = YES;
				CLANG_WARN_EMPTY_BODY = YES;
				CLANG_WARN_ENUM_CONVERSION = YES;
				CLANG_WARN_INFINITE_RECURSION = YES;
				CLANG_WARN_INT_CONVERSION = YES;
				CLANG_WARN_NON_LITERAL_NULL_CONVERSION = YES;
				CLANG_WARN_OBJC_LITERAL_CONVERSION = YES;
				CLANG_WARN_OBJC_ROOT_CLASS = YES_ERROR;
				CLANG_WARN_RANGE_LOOP_ANALYSIS = YES;
				CLANG_WARN_STRICT_PROTOTYPES = YES;
				CLANG_WARN_SUSPICIOUS_MOVE = YES;
				CLANG_WARN_UNGUARDED_AVAILABILITY = YES_AGGRESSIVE;
				CLANG_WARN_UNREACHABLE_CODE = YES;
				CLANG_WARN__DUPLICATE_METHOD_MATCH = YES;
				CODE_SIGN_IDENTITY = "iPhone Developer";
				COPY_PHASE_STRIP = NO;
				DEBUG_INFORMATION_FORMAT = "dwarf-with-dsym";
				ENABLE_NS_ASSERTIONS = NO;
				ENABLE_STRICT_OBJC_MSGSEND = YES;
				GCC_C_LANGUAGE_STANDARD = gnu11;
				GCC_NO_COMMON_BLOCKS = YES;
				GCC_WARN_64_TO_32_BIT_CONVERSION = YES;
				GCC_WARN_ABOUT_RETURN_TYPE = YES_ERROR;
				GCC_WARN_UNDECLARED_SELECTOR = YES;
				GCC_WARN_UNINITIALIZED_AUTOS = YES_AGGRESSIVE;
				GCC_WARN_UNUSED_FUNCTION = YES;
				GCC_WARN_UNUSED_VARIABLE = YES;
				IPHONEOS_DEPLOYMENT_TARGET = 11.1;
				MTL_ENABLE_DEBUG_INFO = NO;
				SDKROOT = iphoneos;
				SWIFT_OPTIMIZATION_LEVEL = "-Owholemodule";
				VALIDATE_PRODUCT = YES;
			};
			name = Release;
		};
		84832F831FB33FEF00DB826D /* Debug */ = {
			isa = XCBuildConfiguration;
			buildSettings = {
				ASSETCATALOG_COMPILER_APPICON_NAME = AppIcon;
				CODE_SIGN_STYLE = Automatic;
				DEVELOPMENT_TEAM = NNE27V45UL;
				INFOPLIST_FILE = DITest/Info.plist;
				LD_RUNPATH_SEARCH_PATHS = "$(inherited) @executable_path/Frameworks";
				PRODUCT_BUNDLE_IDENTIFIER = fr.openfield.DITest;
				PRODUCT_NAME = "$(TARGET_NAME)";
				SWIFT_VERSION = 4.0;
				TARGETED_DEVICE_FAMILY = "1,2";
			};
			name = Debug;
		};
		84832F841FB33FEF00DB826D /* Release */ = {
			isa = XCBuildConfiguration;
			buildSettings = {
				ASSETCATALOG_COMPILER_APPICON_NAME = AppIcon;
				CODE_SIGN_STYLE = Automatic;
				DEVELOPMENT_TEAM = NNE27V45UL;
				INFOPLIST_FILE = DITest/Info.plist;
				LD_RUNPATH_SEARCH_PATHS = "$(inherited) @executable_path/Frameworks";
				PRODUCT_BUNDLE_IDENTIFIER = fr.openfield.DITest;
				PRODUCT_NAME = "$(TARGET_NAME)";
				SWIFT_VERSION = 4.0;
				TARGETED_DEVICE_FAMILY = "1,2";
			};
			name = Release;
		};
		84832F861FB33FEF00DB826D /* Debug */ = {
			isa = XCBuildConfiguration;
			buildSettings = {
				ALWAYS_EMBED_SWIFT_STANDARD_LIBRARIES = YES;
				BUNDLE_LOADER = "$(TEST_HOST)";
				CODE_SIGN_STYLE = Automatic;
				DEVELOPMENT_TEAM = NNE27V45UL;
				INFOPLIST_FILE = DITestTests/Info.plist;
				LD_RUNPATH_SEARCH_PATHS = "$(inherited) @executable_path/Frameworks @loader_path/Frameworks";
				PRODUCT_BUNDLE_IDENTIFIER = fr.openfield.DITestTests;
				PRODUCT_NAME = "$(TARGET_NAME)";
				SWIFT_VERSION = 4.0;
				TARGETED_DEVICE_FAMILY = "1,2";
				TEST_HOST = "$(BUILT_PRODUCTS_DIR)/DITest.app/DITest";
			};
			name = Debug;
		};
		84832F871FB33FEF00DB826D /* Release */ = {
			isa = XCBuildConfiguration;
			buildSettings = {
				ALWAYS_EMBED_SWIFT_STANDARD_LIBRARIES = YES;
				BUNDLE_LOADER = "$(TEST_HOST)";
				CODE_SIGN_STYLE = Automatic;
				DEVELOPMENT_TEAM = NNE27V45UL;
				INFOPLIST_FILE = DITestTests/Info.plist;
				LD_RUNPATH_SEARCH_PATHS = "$(inherited) @executable_path/Frameworks @loader_path/Frameworks";
				PRODUCT_BUNDLE_IDENTIFIER = fr.openfield.DITestTests;
				PRODUCT_NAME = "$(TARGET_NAME)";
				SWIFT_VERSION = 4.0;
				TARGETED_DEVICE_FAMILY = "1,2";
				TEST_HOST = "$(BUILT_PRODUCTS_DIR)/DITest.app/DITest";
			};
			name = Release;
		};
		84832F891FB33FEF00DB826D /* Debug */ = {
			isa = XCBuildConfiguration;
			buildSettings = {
				ALWAYS_EMBED_SWIFT_STANDARD_LIBRARIES = YES;
				CODE_SIGN_STYLE = Automatic;
				DEVELOPMENT_TEAM = NNE27V45UL;
				INFOPLIST_FILE = DITestUITests/Info.plist;
				LD_RUNPATH_SEARCH_PATHS = "$(inherited) @executable_path/Frameworks @loader_path/Frameworks";
				PRODUCT_BUNDLE_IDENTIFIER = fr.openfield.DITestUITests;
				PRODUCT_NAME = "$(TARGET_NAME)";
				SWIFT_VERSION = 4.0;
				TARGETED_DEVICE_FAMILY = "1,2";
				TEST_TARGET_NAME = DITest;
			};
			name = Debug;
		};
		84832F8A1FB33FEF00DB826D /* Release */ = {
			isa = XCBuildConfiguration;
			buildSettings = {
				ALWAYS_EMBED_SWIFT_STANDARD_LIBRARIES = YES;
				CODE_SIGN_STYLE = Automatic;
				DEVELOPMENT_TEAM = NNE27V45UL;
				INFOPLIST_FILE = DITestUITests/Info.plist;
				LD_RUNPATH_SEARCH_PATHS = "$(inherited) @executable_path/Frameworks @loader_path/Frameworks";
				PRODUCT_BUNDLE_IDENTIFIER = fr.openfield.DITestUITests;
				PRODUCT_NAME = "$(TARGET_NAME)";
				SWIFT_VERSION = 4.0;
				TARGETED_DEVICE_FAMILY = "1,2";
				TEST_TARGET_NAME = DITest;
			};
			name = Release;
		};
/* End XCBuildConfiguration section */

/* Begin XCConfigurationList section */
		84832F551FB33FEE00DB826D /* Build configuration list for PBXProject "DITest" */ = {
			isa = XCConfigurationList;
			buildConfigurations = (
				84832F801FB33FEF00DB826D /* Debug */,
				84832F811FB33FEF00DB826D /* Release */,
			);
			defaultConfigurationIsVisible = 0;
			defaultConfigurationName = Release;
		};
		84832F821FB33FEF00DB826D /* Build configuration list for PBXNativeTarget "DITest" */ = {
			isa = XCConfigurationList;
			buildConfigurations = (
				84832F831FB33FEF00DB826D /* Debug */,
				84832F841FB33FEF00DB826D /* Release */,
			);
			defaultConfigurationIsVisible = 0;
			defaultConfigurationName = Release;
		};
		84832F851FB33FEF00DB826D /* Build configuration list for PBXNativeTarget "DITestTests" */ = {
			isa = XCConfigurationList;
			buildConfigurations = (
				84832F861FB33FEF00DB826D /* Debug */,
				84832F871FB33FEF00DB826D /* Release */,
			);
			defaultConfigurationIsVisible = 0;
			defaultConfigurationName = Release;
		};
		84832F881FB33FEF00DB826D /* Build configuration list for PBXNativeTarget "DITestUITests" */ = {
			isa = XCConfigurationList;
			buildConfigurations = (
				84832F891FB33FEF00DB826D /* Debug */,
				84832F8A1FB33FEF00DB826D /* Release */,
			);
			defaultConfigurationIsVisible = 0;
			defaultConfigurationName = Release;
		};
/* End XCConfigurationList section */
	};
	rootObject = 84832F521FB33FEE00DB826D /* Project object */;
}
